
Microsoft Visual Studio Solution File, Format Version 12.00
# Visual Studio Version 17
VisualStudioVersion = 17.5.002.0
MinimumVisualStudioVersion = 10.0.40219.1
Project("{2150E333-8FDC-42A3-9474-1A3956D46DE8}") = "csharp-prep", "csharp-prep", "{CF088970-F717-4881-9779-D59778126059}"
EndProject
Project("{9A19103F-16F7-4668-BE54-9A1E7A4F7556}") = "Prep1", "csharp-prep\Prep1\Prep1.csproj", "{EC6F91F3-8DC4-44CD-A540-68D2D6A42A2F}"
EndProject
Project("{9A19103F-16F7-4668-BE54-9A1E7A4F7556}") = "Prep2", "csharp-prep\Prep2\Prep2.csproj", "{77B0C872-0E2C-42E4-B9F6-260C5A9EF928}"
EndProject
Project("{9A19103F-16F7-4668-BE54-9A1E7A4F7556}") = "Prep3", "csharp-prep\Prep3\Prep3.csproj", "{3F965316-2493-4CA8-8E79-FCC78850C032}"
EndProject
Project("{9A19103F-16F7-4668-BE54-9A1E7A4F7556}") = "Prep4", "csharp-prep\Prep4\Prep4.csproj", "{41B7A65A-C7AA-4DDE-A41F-2CC4446D542E}"
EndProject
Project("{9A19103F-16F7-4668-BE54-9A1E7A4F7556}") = "Prep5", "csharp-prep\Prep5\Prep5.csproj", "{ACBA8B09-E124-4DA8-A8E5-84EB4E213B6D}"
EndProject
Project("{2150E333-8FDC-42A3-9474-1A3956D46DE8}") = "final", "final", "{8108E126-3F9A-413F-9E3C-E0F115A36621}"
EndProject
Project("{9A19103F-16F7-4668-BE54-9A1E7A4F7556}") = "FinalProject", "final\FinalProject\FinalProject.csproj", "{299F104A-B75C-4CA9-9C4B-6E22FB29A2E9}"
EndProject
Project("{9A19103F-16F7-4668-BE54-9A1E7A4F7556}") = "Foundation1", "final\Foundation1\Foundation1.csproj", "{8316801A-5AA0-444E-99F2-244618976995}"
EndProject
Project("{9A19103F-16F7-4668-BE54-9A1E7A4F7556}") = "Foundation2", "final\Foundation2\Foundation2.csproj", "{191DF542-3486-4B1A-8573-8FB45016F50C}"
EndProject
Project("{9A19103F-16F7-4668-BE54-9A1E7A4F7556}") = "Foundation3", "final\Foundation3\Foundation3.csproj", "{AD49FDE0-93FB-4AA1-BDAC-FE9EA985DFA8}"
EndProject
Project("{9A19103F-16F7-4668-BE54-9A1E7A4F7556}") = "Foundation4", "final\Foundation4\Foundation4.csproj", "{7794A24D-3A0D-4F8E-9F8D-EC705329582F}"
EndProject
Project("{2150E333-8FDC-42A3-9474-1A3956D46DE8}") = "prepare", "prepare", "{56BAF66D-AF5B-4F49-A1E5-282ABF2EBF4D}"
EndProject
Project("{9A19103F-16F7-4668-BE54-9A1E7A4F7556}") = "Learning02", "prepare\Learning02\Learning02.csproj", "{C74F1B66-4780-49AF-B825-8FD3AC5C04AC}"
EndProject
Project("{9A19103F-16F7-4668-BE54-9A1E7A4F7556}") = "Learning03", "prepare\Learning03\Learning03.csproj", "{7BA4F1EF-7505-44A2-B8BF-A8C40338DDCD}"
EndProject
Project("{9A19103F-16F7-4668-BE54-9A1E7A4F7556}") = "Learning04", "prepare\Learning04\Learning04.csproj", "{62B19079-2115-40F6-93B7-F2078156DDE4}"
EndProject
Project("{9A19103F-16F7-4668-BE54-9A1E7A4F7556}") = "Learning05", "prepare\Learning05\Learning05.csproj", "{E573B43C-AF6C-44BF-AB81-CCD527248ABD}"
EndProject
Project("{2150E333-8FDC-42A3-9474-1A3956D46DE8}") = "prove", "prove", "{3CADA7D6-44BA-493F-8732-6FDE8F1FD93F}"
EndProject
Project("{9A19103F-16F7-4668-BE54-9A1E7A4F7556}") = "Develop02", "prove\Develop02\Develop02.csproj", "{68903339-407D-4402-8CAC-5A12A861BAAD}"
EndProject
Project("{9A19103F-16F7-4668-BE54-9A1E7A4F7556}") = "Develop03", "prove\Develop03\Develop03.csproj", "{12EBD52F-913F-401A-9CD7-31039DCCCAE1}"
EndProject
Project("{9A19103F-16F7-4668-BE54-9A1E7A4F7556}") = "Develop04", "prove\Develop04\Develop04.csproj", "{A7235387-C418-4D33-9D7F-1E36B007EFDF}"
EndProject
Project("{9A19103F-16F7-4668-BE54-9A1E7A4F7556}") = "Develop05", "prove\Develop05\Develop05.csproj", "{5ACAADCD-2822-4B0B-9C75-3F75EF605055}"
EndProject
Project("{2150E333-8FDC-42A3-9474-1A3956D46DE8}") = "sandbox", "sandbox", "{CCD6BE1F-FF73-4DF9-8456-3D6F5B49C06E}"
EndProject
Project("{9A19103F-16F7-4668-BE54-9A1E7A4F7556}") = "Sandbox", "sandbox\Sandbox\Sandbox.csproj", "{EF088D00-6712-45E7-8915-8F7B46B81BEC}"
EndProject
Global
	GlobalSection(SolutionConfigurationPlatforms) = preSolution
		Debug|Any CPU = Debug|Any CPU
		Release|Any CPU = Release|Any CPU
	EndGlobalSection
	GlobalSection(ProjectConfigurationPlatforms) = postSolution
		{EC6F91F3-8DC4-44CD-A540-68D2D6A42A2F}.Debug|Any CPU.ActiveCfg = Debug|Any CPU
		{EC6F91F3-8DC4-44CD-A540-68D2D6A42A2F}.Debug|Any CPU.Build.0 = Debug|Any CPU
		{EC6F91F3-8DC4-44CD-A540-68D2D6A42A2F}.Release|Any CPU.ActiveCfg = Release|Any CPU
		{EC6F91F3-8DC4-44CD-A540-68D2D6A42A2F}.Release|Any CPU.Build.0 = Release|Any CPU
		{77B0C872-0E2C-42E4-B9F6-260C5A9EF928}.Debug|Any CPU.ActiveCfg = Debug|Any CPU
		{77B0C872-0E2C-42E4-B9F6-260C5A9EF928}.Debug|Any CPU.Build.0 = Debug|Any CPU
		{77B0C872-0E2C-42E4-B9F6-260C5A9EF928}.Release|Any CPU.ActiveCfg = Release|Any CPU
		{77B0C872-0E2C-42E4-B9F6-260C5A9EF928}.Release|Any CPU.Build.0 = Release|Any CPU
		{3F965316-2493-4CA8-8E79-FCC78850C032}.Debug|Any CPU.ActiveCfg = Debug|Any CPU
		{3F965316-2493-4CA8-8E79-FCC78850C032}.Debug|Any CPU.Build.0 = Debug|Any CPU
		{3F965316-2493-4CA8-8E79-FCC78850C032}.Release|Any CPU.ActiveCfg = Release|Any CPU
		{3F965316-2493-4CA8-8E79-FCC78850C032}.Release|Any CPU.Build.0 = Release|Any CPU
		{41B7A65A-C7AA-4DDE-A41F-2CC4446D542E}.Debug|Any CPU.ActiveCfg = Debug|Any CPU
		{41B7A65A-C7AA-4DDE-A41F-2CC4446D542E}.Debug|Any CPU.Build.0 = Debug|Any CPU
		{41B7A65A-C7AA-4DDE-A41F-2CC4446D542E}.Release|Any CPU.ActiveCfg = Release|Any CPU
		{41B7A65A-C7AA-4DDE-A41F-2CC4446D542E}.Release|Any CPU.Build.0 = Release|Any CPU
		{ACBA8B09-E124-4DA8-A8E5-84EB4E213B6D}.Debug|Any CPU.ActiveCfg = Debug|Any CPU
		{ACBA8B09-E124-4DA8-A8E5-84EB4E213B6D}.Debug|Any CPU.Build.0 = Debug|Any CPU
		{ACBA8B09-E124-4DA8-A8E5-84EB4E213B6D}.Release|Any CPU.ActiveCfg = Release|Any CPU
		{ACBA8B09-E124-4DA8-A8E5-84EB4E213B6D}.Release|Any CPU.Build.0 = Release|Any CPU
		{299F104A-B75C-4CA9-9C4B-6E22FB29A2E9}.Debug|Any CPU.ActiveCfg = Debug|Any CPU
		{299F104A-B75C-4CA9-9C4B-6E22FB29A2E9}.Debug|Any CPU.Build.0 = Debug|Any CPU
		{299F104A-B75C-4CA9-9C4B-6E22FB29A2E9}.Release|Any CPU.ActiveCfg = Release|Any CPU
		{299F104A-B75C-4CA9-9C4B-6E22FB29A2E9}.Release|Any CPU.Build.0 = Release|Any CPU
		{8316801A-5AA0-444E-99F2-244618976995}.Debug|Any CPU.ActiveCfg = Debug|Any CPU
		{8316801A-5AA0-444E-99F2-244618976995}.Debug|Any CPU.Build.0 = Debug|Any CPU
		{8316801A-5AA0-444E-99F2-244618976995}.Release|Any CPU.ActiveCfg = Release|Any CPU
		{8316801A-5AA0-444E-99F2-244618976995}.Release|Any CPU.Build.0 = Release|Any CPU
		{191DF542-3486-4B1A-8573-8FB45016F50C}.Debug|Any CPU.ActiveCfg = Debug|Any CPU
		{191DF542-3486-4B1A-8573-8FB45016F50C}.Debug|Any CPU.Build.0 = Debug|Any CPU
		{191DF542-3486-4B1A-8573-8FB45016F50C}.Release|Any CPU.ActiveCfg = Release|Any CPU
		{191DF542-3486-4B1A-8573-8FB45016F50C}.Release|Any CPU.Build.0 = Release|Any CPU
		{AD49FDE0-93FB-4AA1-BDAC-FE9EA985DFA8}.Debug|Any CPU.ActiveCfg = Debug|Any CPU
		{AD49FDE0-93FB-4AA1-BDAC-FE9EA985DFA8}.Debug|Any CPU.Build.0 = Debug|Any CPU
		{AD49FDE0-93FB-4AA1-BDAC-FE9EA985DFA8}.Release|Any CPU.ActiveCfg = Release|Any CPU
		{AD49FDE0-93FB-4AA1-BDAC-FE9EA985DFA8}.Release|Any CPU.Build.0 = Release|Any CPU
		{7794A24D-3A0D-4F8E-9F8D-EC705329582F}.Debug|Any CPU.ActiveCfg = Debug|Any CPU
		{7794A24D-3A0D-4F8E-9F8D-EC705329582F}.Debug|Any CPU.Build.0 = Debug|Any CPU
		{7794A24D-3A0D-4F8E-9F8D-EC705329582F}.Release|Any CPU.ActiveCfg = Release|Any CPU
		{7794A24D-3A0D-4F8E-9F8D-EC705329582F}.Release|Any CPU.Build.0 = Release|Any CPU
		{C74F1B66-4780-49AF-B825-8FD3AC5C04AC}.Debug|Any CPU.ActiveCfg = Debug|Any CPU
		{C74F1B66-4780-49AF-B825-8FD3AC5C04AC}.Debug|Any CPU.Build.0 = Debug|Any CPU
		{C74F1B66-4780-49AF-B825-8FD3AC5C04AC}.Release|Any CPU.ActiveCfg = Release|Any CPU
		{C74F1B66-4780-49AF-B825-8FD3AC5C04AC}.Release|Any CPU.Build.0 = Release|Any CPU
		{7BA4F1EF-7505-44A2-B8BF-A8C40338DDCD}.Debug|Any CPU.ActiveCfg = Debug|Any CPU
		{7BA4F1EF-7505-44A2-B8BF-A8C40338DDCD}.Debug|Any CPU.Build.0 = Debug|Any CPU
		{7BA4F1EF-7505-44A2-B8BF-A8C40338DDCD}.Release|Any CPU.ActiveCfg = Release|Any CPU
		{7BA4F1EF-7505-44A2-B8BF-A8C40338DDCD}.Release|Any CPU.Build.0 = Release|Any CPU
		{62B19079-2115-40F6-93B7-F2078156DDE4}.Debug|Any CPU.ActiveCfg = Debug|Any CPU
		{62B19079-2115-40F6-93B7-F2078156DDE4}.Debug|Any CPU.Build.0 = Debug|Any CPU
		{62B19079-2115-40F6-93B7-F2078156DDE4}.Release|Any CPU.ActiveCfg = Release|Any CPU
		{62B19079-2115-40F6-93B7-F2078156DDE4}.Release|Any CPU.Build.0 = Release|Any CPU
		{E573B43C-AF6C-44BF-AB81-CCD527248ABD}.Debug|Any CPU.ActiveCfg = Debug|Any CPU
		{E573B43C-AF6C-44BF-AB81-CCD527248ABD}.Debug|Any CPU.Build.0 = Debug|Any CPU
		{E573B43C-AF6C-44BF-AB81-CCD527248ABD}.Release|Any CPU.ActiveCfg = Release|Any CPU
		{E573B43C-AF6C-44BF-AB81-CCD527248ABD}.Release|Any CPU.Build.0 = Release|Any CPU
		{68903339-407D-4402-8CAC-5A12A861BAAD}.Debug|Any CPU.ActiveCfg = Debug|Any CPU
		{68903339-407D-4402-8CAC-5A12A861BAAD}.Debug|Any CPU.Build.0 = Debug|Any CPU
		{68903339-407D-4402-8CAC-5A12A861BAAD}.Release|Any CPU.ActiveCfg = Release|Any CPU
		{68903339-407D-4402-8CAC-5A12A861BAAD}.Release|Any CPU.Build.0 = Release|Any CPU
		{12EBD52F-913F-401A-9CD7-31039DCCCAE1}.Debug|Any CPU.ActiveCfg = Debug|Any CPU
		{12EBD52F-913F-401A-9CD7-31039DCCCAE1}.Debug|Any CPU.Build.0 = Debug|Any CPU
		{12EBD52F-913F-401A-9CD7-31039DCCCAE1}.Release|Any CPU.ActiveCfg = Release|Any CPU
		{12EBD52F-913F-401A-9CD7-31039DCCCAE1}.Release|Any CPU.Build.0 = Release|Any CPU
		{A7235387-C418-4D33-9D7F-1E36B007EFDF}.Debug|Any CPU.ActiveCfg = Debug|Any CPU
		{A7235387-C418-4D33-9D7F-1E36B007EFDF}.Debug|Any CPU.Build.0 = Debug|Any CPU
		{A7235387-C418-4D33-9D7F-1E36B007EFDF}.Release|Any CPU.ActiveCfg = Release|Any CPU
		{A7235387-C418-4D33-9D7F-1E36B007EFDF}.Release|Any CPU.Build.0 = Release|Any CPU
		{5ACAADCD-2822-4B0B-9C75-3F75EF605055}.Debug|Any CPU.ActiveCfg = Debug|Any CPU
		{5ACAADCD-2822-4B0B-9C75-3F75EF605055}.Debug|Any CPU.Build.0 = Debug|Any CPU
		{5ACAADCD-2822-4B0B-9C75-3F75EF605055}.Release|Any CPU.ActiveCfg = Release|Any CPU
		{5ACAADCD-2822-4B0B-9C75-3F75EF605055}.Release|Any CPU.Build.0 = Release|Any CPU
		{EF088D00-6712-45E7-8915-8F7B46B81BEC}.Debug|Any CPU.ActiveCfg = Debug|Any CPU
		{EF088D00-6712-45E7-8915-8F7B46B81BEC}.Debug|Any CPU.Build.0 = Debug|Any CPU
		{EF088D00-6712-45E7-8915-8F7B46B81BEC}.Release|Any CPU.ActiveCfg = Release|Any CPU
		{EF088D00-6712-45E7-8915-8F7B46B81BEC}.Release|Any CPU.Build.0 = Release|Any CPU
	EndGlobalSection
	GlobalSection(SolutionProperties) = preSolution
		HideSolutionNode = FALSE
	EndGlobalSection
	GlobalSection(NestedProjects) = preSolution
		{EC6F91F3-8DC4-44CD-A540-68D2D6A42A2F} = {CF088970-F717-4881-9779-D59778126059}
		{77B0C872-0E2C-42E4-B9F6-260C5A9EF928} = {CF088970-F717-4881-9779-D59778126059}
		{3F965316-2493-4CA8-8E79-FCC78850C032} = {CF088970-F717-4881-9779-D59778126059}
		{41B7A65A-C7AA-4DDE-A41F-2CC4446D542E} = {CF088970-F717-4881-9779-D59778126059}
		{ACBA8B09-E124-4DA8-A8E5-84EB4E213B6D} = {CF088970-F717-4881-9779-D59778126059}
		{299F104A-B75C-4CA9-9C4B-6E22FB29A2E9} = {8108E126-3F9A-413F-9E3C-E0F115A36621}
		{8316801A-5AA0-444E-99F2-244618976995} = {8108E126-3F9A-413F-9E3C-E0F115A36621}
		{191DF542-3486-4B1A-8573-8FB45016F50C} = {8108E126-3F9A-413F-9E3C-E0F115A36621}
		{AD49FDE0-93FB-4AA1-BDAC-FE9EA985DFA8} = {8108E126-3F9A-413F-9E3C-E0F115A36621}
		{7794A24D-3A0D-4F8E-9F8D-EC705329582F} = {8108E126-3F9A-413F-9E3C-E0F115A36621}
		{C74F1B66-4780-49AF-B825-8FD3AC5C04AC} = {56BAF66D-AF5B-4F49-A1E5-282ABF2EBF4D}
		{7BA4F1EF-7505-44A2-B8BF-A8C40338DDCD} = {56BAF66D-AF5B-4F49-A1E5-282ABF2EBF4D}
		{62B19079-2115-40F6-93B7-F2078156DDE4} = {56BAF66D-AF5B-4F49-A1E5-282ABF2EBF4D}
		{E573B43C-AF6C-44BF-AB81-CCD527248ABD} = {56BAF66D-AF5B-4F49-A1E5-282ABF2EBF4D}
		{68903339-407D-4402-8CAC-5A12A861BAAD} = {3CADA7D6-44BA-493F-8732-6FDE8F1FD93F}
		{12EBD52F-913F-401A-9CD7-31039DCCCAE1} = {3CADA7D6-44BA-493F-8732-6FDE8F1FD93F}
		{A7235387-C418-4D33-9D7F-1E36B007EFDF} = {3CADA7D6-44BA-493F-8732-6FDE8F1FD93F}
		{5ACAADCD-2822-4B0B-9C75-3F75EF605055} = {3CADA7D6-44BA-493F-8732-6FDE8F1FD93F}
		{EF088D00-6712-45E7-8915-8F7B46B81BEC} = {CCD6BE1F-FF73-4DF9-8456-3D6F5B49C06E}
	EndGlobalSection
	GlobalSection(ExtensibilityGlobals) = postSolution
		SolutionGuid = {7ACA0DBC-AEE6-4B86-A532-931FF11CFA09}
	EndGlobalSection
EndGlobal
