
Microsoft Visual Studio Solution File, Format Version 12.00
# Visual Studio Version 17
VisualStudioVersion = 17.5.002.0
MinimumVisualStudioVersion = 10.0.40219.1
Project("{2150E333-8FDC-42A3-9474-1A3956D46DE8}") = "csharp-prep", "csharp-prep", "{B3DD3E0E-C6EC-43D4-AFED-C22EFD0B8E15}"
EndProject
Project("{9A19103F-16F7-4668-BE54-9A1E7A4F7556}") = "Prep1", "csharp-prep\Prep1\Prep1.csproj", "{C814359D-29C2-4E23-A245-E870085936A0}"
EndProject
Project("{9A19103F-16F7-4668-BE54-9A1E7A4F7556}") = "Prep2", "csharp-prep\Prep2\Prep2.csproj", "{3845605C-AF96-4F72-9E9D-43B225565AE0}"
EndProject
Project("{9A19103F-16F7-4668-BE54-9A1E7A4F7556}") = "Prep3", "csharp-prep\Prep3\Prep3.csproj", "{7E415469-5EC6-4CB5-9918-BE1EBC9ACF0B}"
EndProject
Project("{9A19103F-16F7-4668-BE54-9A1E7A4F7556}") = "Prep4", "csharp-prep\Prep4\Prep4.csproj", "{B2963811-E74E-4A8C-BA21-72E37D33F35F}"
EndProject
Project("{9A19103F-16F7-4668-BE54-9A1E7A4F7556}") = "Prep5", "csharp-prep\Prep5\Prep5.csproj", "{623A65C9-77B4-4EE1-8FA5-3FDCB8977D68}"
EndProject
Project("{2150E333-8FDC-42A3-9474-1A3956D46DE8}") = "final", "final", "{00CFB40D-8A71-4ABF-9849-06180DED4415}"
EndProject
Project("{9A19103F-16F7-4668-BE54-9A1E7A4F7556}") = "FinalProject", "final\FinalProject\FinalProject.csproj", "{E1273A60-5923-45A8-B17A-6E0C2E0697EC}"
EndProject
Project("{9A19103F-16F7-4668-BE54-9A1E7A4F7556}") = "Foundation1", "final\Foundation1\Foundation1.csproj", "{3384181F-AB77-45A0-89A9-6D937CC08C61}"
EndProject
Project("{9A19103F-16F7-4668-BE54-9A1E7A4F7556}") = "Foundation2", "final\Foundation2\Foundation2.csproj", "{3E991EB4-4AE7-456C-B95D-E113C70A06E2}"
EndProject
Project("{9A19103F-16F7-4668-BE54-9A1E7A4F7556}") = "Foundation3", "final\Foundation3\Foundation3.csproj", "{AA711AA5-A605-4B95-834D-69D4073A3694}"
EndProject
Project("{9A19103F-16F7-4668-BE54-9A1E7A4F7556}") = "Foundation4", "final\Foundation4\Foundation4.csproj", "{008EC6E3-DC12-4BAC-9EF7-DB50B0FCFACD}"
EndProject
Project("{2150E333-8FDC-42A3-9474-1A3956D46DE8}") = "prepare", "prepare", "{52FFCFCB-4992-4E54-8CF3-5DBC687ADDB1}"
EndProject
Project("{9A19103F-16F7-4668-BE54-9A1E7A4F7556}") = "Learning02", "prepare\Learning02\Learning02.csproj", "{00A5A585-B90D-4FC8-8936-B9B38B29DFDD}"
EndProject
Project("{9A19103F-16F7-4668-BE54-9A1E7A4F7556}") = "Learning03", "prepare\Learning03\Learning03.csproj", "{17ED0D32-04BC-44A2-891E-5F2D3596DF31}"
EndProject
Project("{9A19103F-16F7-4668-BE54-9A1E7A4F7556}") = "Learning04", "prepare\Learning04\Learning04.csproj", "{EC4D8B95-2522-4E0B-B657-34A600070DF9}"
EndProject
Project("{9A19103F-16F7-4668-BE54-9A1E7A4F7556}") = "Learning05", "prepare\Learning05\Learning05.csproj", "{8E5786CE-7B20-424B-9F03-E5695EA4B5B0}"
EndProject
Project("{2150E333-8FDC-42A3-9474-1A3956D46DE8}") = "prove", "prove", "{3A990A19-CE55-40A0-8A1F-B0200041D99A}"
EndProject
Project("{9A19103F-16F7-4668-BE54-9A1E7A4F7556}") = "Develop02", "prove\Develop02\Develop02.csproj", "{3037AF2B-F9BB-43F1-B8A3-42261C57CA57}"
EndProject
Project("{9A19103F-16F7-4668-BE54-9A1E7A4F7556}") = "Develop03", "prove\Develop03\Develop03.csproj", "{3B2108A9-1B3B-4D96-9654-69CDC03ABDBA}"
EndProject
Project("{9A19103F-16F7-4668-BE54-9A1E7A4F7556}") = "Develop04", "prove\Develop04\Develop04.csproj", "{10E80031-E453-4BE3-BC9F-F5B48CC550CA}"
EndProject
Project("{9A19103F-16F7-4668-BE54-9A1E7A4F7556}") = "Develop05", "prove\Develop05\Develop05.csproj", "{C99C9A33-69FE-41F7-9589-E7B87E4A8454}"
EndProject
Project("{2150E333-8FDC-42A3-9474-1A3956D46DE8}") = "sandbox", "sandbox", "{A1728015-CE95-4B92-9289-C75A07E1CBB9}"
EndProject
Project("{9A19103F-16F7-4668-BE54-9A1E7A4F7556}") = "Sandbox", "sandbox\Sandbox\Sandbox.csproj", "{031DBA16-3E19-477D-AD81-95D131E373E6}"
EndProject
Global
	GlobalSection(SolutionConfigurationPlatforms) = preSolution
		Debug|Any CPU = Debug|Any CPU
		Release|Any CPU = Release|Any CPU
	EndGlobalSection
	GlobalSection(ProjectConfigurationPlatforms) = postSolution
		{C814359D-29C2-4E23-A245-E870085936A0}.Debug|Any CPU.ActiveCfg = Debug|Any CPU
		{C814359D-29C2-4E23-A245-E870085936A0}.Debug|Any CPU.Build.0 = Debug|Any CPU
		{C814359D-29C2-4E23-A245-E870085936A0}.Release|Any CPU.ActiveCfg = Release|Any CPU
		{C814359D-29C2-4E23-A245-E870085936A0}.Release|Any CPU.Build.0 = Release|Any CPU
		{3845605C-AF96-4F72-9E9D-43B225565AE0}.Debug|Any CPU.ActiveCfg = Debug|Any CPU
		{3845605C-AF96-4F72-9E9D-43B225565AE0}.Debug|Any CPU.Build.0 = Debug|Any CPU
		{3845605C-AF96-4F72-9E9D-43B225565AE0}.Release|Any CPU.ActiveCfg = Release|Any CPU
		{3845605C-AF96-4F72-9E9D-43B225565AE0}.Release|Any CPU.Build.0 = Release|Any CPU
		{7E415469-5EC6-4CB5-9918-BE1EBC9ACF0B}.Debug|Any CPU.ActiveCfg = Debug|Any CPU
		{7E415469-5EC6-4CB5-9918-BE1EBC9ACF0B}.Debug|Any CPU.Build.0 = Debug|Any CPU
		{7E415469-5EC6-4CB5-9918-BE1EBC9ACF0B}.Release|Any CPU.ActiveCfg = Release|Any CPU
		{7E415469-5EC6-4CB5-9918-BE1EBC9ACF0B}.Release|Any CPU.Build.0 = Release|Any CPU
		{B2963811-E74E-4A8C-BA21-72E37D33F35F}.Debug|Any CPU.ActiveCfg = Debug|Any CPU
		{B2963811-E74E-4A8C-BA21-72E37D33F35F}.Debug|Any CPU.Build.0 = Debug|Any CPU
		{B2963811-E74E-4A8C-BA21-72E37D33F35F}.Release|Any CPU.ActiveCfg = Release|Any CPU
		{B2963811-E74E-4A8C-BA21-72E37D33F35F}.Release|Any CPU.Build.0 = Release|Any CPU
		{623A65C9-77B4-4EE1-8FA5-3FDCB8977D68}.Debug|Any CPU.ActiveCfg = Debug|Any CPU
		{623A65C9-77B4-4EE1-8FA5-3FDCB8977D68}.Debug|Any CPU.Build.0 = Debug|Any CPU
		{623A65C9-77B4-4EE1-8FA5-3FDCB8977D68}.Release|Any CPU.ActiveCfg = Release|Any CPU
		{623A65C9-77B4-4EE1-8FA5-3FDCB8977D68}.Release|Any CPU.Build.0 = Release|Any CPU
		{E1273A60-5923-45A8-B17A-6E0C2E0697EC}.Debug|Any CPU.ActiveCfg = Debug|Any CPU
		{E1273A60-5923-45A8-B17A-6E0C2E0697EC}.Debug|Any CPU.Build.0 = Debug|Any CPU
		{E1273A60-5923-45A8-B17A-6E0C2E0697EC}.Release|Any CPU.ActiveCfg = Release|Any CPU
		{E1273A60-5923-45A8-B17A-6E0C2E0697EC}.Release|Any CPU.Build.0 = Release|Any CPU
		{3384181F-AB77-45A0-89A9-6D937CC08C61}.Debug|Any CPU.ActiveCfg = Debug|Any CPU
		{3384181F-AB77-45A0-89A9-6D937CC08C61}.Debug|Any CPU.Build.0 = Debug|Any CPU
		{3384181F-AB77-45A0-89A9-6D937CC08C61}.Release|Any CPU.ActiveCfg = Release|Any CPU
		{3384181F-AB77-45A0-89A9-6D937CC08C61}.Release|Any CPU.Build.0 = Release|Any CPU
		{3E991EB4-4AE7-456C-B95D-E113C70A06E2}.Debug|Any CPU.ActiveCfg = Debug|Any CPU
		{3E991EB4-4AE7-456C-B95D-E113C70A06E2}.Debug|Any CPU.Build.0 = Debug|Any CPU
		{3E991EB4-4AE7-456C-B95D-E113C70A06E2}.Release|Any CPU.ActiveCfg = Release|Any CPU
		{3E991EB4-4AE7-456C-B95D-E113C70A06E2}.Release|Any CPU.Build.0 = Release|Any CPU
		{AA711AA5-A605-4B95-834D-69D4073A3694}.Debug|Any CPU.ActiveCfg = Debug|Any CPU
		{AA711AA5-A605-4B95-834D-69D4073A3694}.Debug|Any CPU.Build.0 = Debug|Any CPU
		{AA711AA5-A605-4B95-834D-69D4073A3694}.Release|Any CPU.ActiveCfg = Release|Any CPU
		{AA711AA5-A605-4B95-834D-69D4073A3694}.Release|Any CPU.Build.0 = Release|Any CPU
		{008EC6E3-DC12-4BAC-9EF7-DB50B0FCFACD}.Debug|Any CPU.ActiveCfg = Debug|Any CPU
		{008EC6E3-DC12-4BAC-9EF7-DB50B0FCFACD}.Debug|Any CPU.Build.0 = Debug|Any CPU
		{008EC6E3-DC12-4BAC-9EF7-DB50B0FCFACD}.Release|Any CPU.ActiveCfg = Release|Any CPU
		{008EC6E3-DC12-4BAC-9EF7-DB50B0FCFACD}.Release|Any CPU.Build.0 = Release|Any CPU
		{00A5A585-B90D-4FC8-8936-B9B38B29DFDD}.Debug|Any CPU.ActiveCfg = Debug|Any CPU
		{00A5A585-B90D-4FC8-8936-B9B38B29DFDD}.Debug|Any CPU.Build.0 = Debug|Any CPU
		{00A5A585-B90D-4FC8-8936-B9B38B29DFDD}.Release|Any CPU.ActiveCfg = Release|Any CPU
		{00A5A585-B90D-4FC8-8936-B9B38B29DFDD}.Release|Any CPU.Build.0 = Release|Any CPU
		{17ED0D32-04BC-44A2-891E-5F2D3596DF31}.Debug|Any CPU.ActiveCfg = Debug|Any CPU
		{17ED0D32-04BC-44A2-891E-5F2D3596DF31}.Debug|Any CPU.Build.0 = Debug|Any CPU
		{17ED0D32-04BC-44A2-891E-5F2D3596DF31}.Release|Any CPU.ActiveCfg = Release|Any CPU
		{17ED0D32-04BC-44A2-891E-5F2D3596DF31}.Release|Any CPU.Build.0 = Release|Any CPU
		{EC4D8B95-2522-4E0B-B657-34A600070DF9}.Debug|Any CPU.ActiveCfg = Debug|Any CPU
		{EC4D8B95-2522-4E0B-B657-34A600070DF9}.Debug|Any CPU.Build.0 = Debug|Any CPU
		{EC4D8B95-2522-4E0B-B657-34A600070DF9}.Release|Any CPU.ActiveCfg = Release|Any CPU
		{EC4D8B95-2522-4E0B-B657-34A600070DF9}.Release|Any CPU.Build.0 = Release|Any CPU
		{8E5786CE-7B20-424B-9F03-E5695EA4B5B0}.Debug|Any CPU.ActiveCfg = Debug|Any CPU
		{8E5786CE-7B20-424B-9F03-E5695EA4B5B0}.Debug|Any CPU.Build.0 = Debug|Any CPU
		{8E5786CE-7B20-424B-9F03-E5695EA4B5B0}.Release|Any CPU.ActiveCfg = Release|Any CPU
		{8E5786CE-7B20-424B-9F03-E5695EA4B5B0}.Release|Any CPU.Build.0 = Release|Any CPU
		{3037AF2B-F9BB-43F1-B8A3-42261C57CA57}.Debug|Any CPU.ActiveCfg = Debug|Any CPU
		{3037AF2B-F9BB-43F1-B8A3-42261C57CA57}.Debug|Any CPU.Build.0 = Debug|Any CPU
		{3037AF2B-F9BB-43F1-B8A3-42261C57CA57}.Release|Any CPU.ActiveCfg = Release|Any CPU
		{3037AF2B-F9BB-43F1-B8A3-42261C57CA57}.Release|Any CPU.Build.0 = Release|Any CPU
		{3B2108A9-1B3B-4D96-9654-69CDC03ABDBA}.Debug|Any CPU.ActiveCfg = Debug|Any CPU
		{3B2108A9-1B3B-4D96-9654-69CDC03ABDBA}.Debug|Any CPU.Build.0 = Debug|Any CPU
		{3B2108A9-1B3B-4D96-9654-69CDC03ABDBA}.Release|Any CPU.ActiveCfg = Release|Any CPU
		{3B2108A9-1B3B-4D96-9654-69CDC03ABDBA}.Release|Any CPU.Build.0 = Release|Any CPU
		{10E80031-E453-4BE3-BC9F-F5B48CC550CA}.Debug|Any CPU.ActiveCfg = Debug|Any CPU
		{10E80031-E453-4BE3-BC9F-F5B48CC550CA}.Debug|Any CPU.Build.0 = Debug|Any CPU
		{10E80031-E453-4BE3-BC9F-F5B48CC550CA}.Release|Any CPU.ActiveCfg = Release|Any CPU
		{10E80031-E453-4BE3-BC9F-F5B48CC550CA}.Release|Any CPU.Build.0 = Release|Any CPU
		{C99C9A33-69FE-41F7-9589-E7B87E4A8454}.Debug|Any CPU.ActiveCfg = Debug|Any CPU
		{C99C9A33-69FE-41F7-9589-E7B87E4A8454}.Debug|Any CPU.Build.0 = Debug|Any CPU
		{C99C9A33-69FE-41F7-9589-E7B87E4A8454}.Release|Any CPU.ActiveCfg = Release|Any CPU
		{C99C9A33-69FE-41F7-9589-E7B87E4A8454}.Release|Any CPU.Build.0 = Release|Any CPU
		{031DBA16-3E19-477D-AD81-95D131E373E6}.Debug|Any CPU.ActiveCfg = Debug|Any CPU
		{031DBA16-3E19-477D-AD81-95D131E373E6}.Debug|Any CPU.Build.0 = Debug|Any CPU
		{031DBA16-3E19-477D-AD81-95D131E373E6}.Release|Any CPU.ActiveCfg = Release|Any CPU
		{031DBA16-3E19-477D-AD81-95D131E373E6}.Release|Any CPU.Build.0 = Release|Any CPU
	EndGlobalSection
	GlobalSection(SolutionProperties) = preSolution
		HideSolutionNode = FALSE
	EndGlobalSection
	GlobalSection(NestedProjects) = preSolution
		{C814359D-29C2-4E23-A245-E870085936A0} = {B3DD3E0E-C6EC-43D4-AFED-C22EFD0B8E15}
		{3845605C-AF96-4F72-9E9D-43B225565AE0} = {B3DD3E0E-C6EC-43D4-AFED-C22EFD0B8E15}
		{7E415469-5EC6-4CB5-9918-BE1EBC9ACF0B} = {B3DD3E0E-C6EC-43D4-AFED-C22EFD0B8E15}
		{B2963811-E74E-4A8C-BA21-72E37D33F35F} = {B3DD3E0E-C6EC-43D4-AFED-C22EFD0B8E15}
		{623A65C9-77B4-4EE1-8FA5-3FDCB8977D68} = {B3DD3E0E-C6EC-43D4-AFED-C22EFD0B8E15}
		{E1273A60-5923-45A8-B17A-6E0C2E0697EC} = {00CFB40D-8A71-4ABF-9849-06180DED4415}
		{3384181F-AB77-45A0-89A9-6D937CC08C61} = {00CFB40D-8A71-4ABF-9849-06180DED4415}
		{3E991EB4-4AE7-456C-B95D-E113C70A06E2} = {00CFB40D-8A71-4ABF-9849-06180DED4415}
		{AA711AA5-A605-4B95-834D-69D4073A3694} = {00CFB40D-8A71-4ABF-9849-06180DED4415}
		{008EC6E3-DC12-4BAC-9EF7-DB50B0FCFACD} = {00CFB40D-8A71-4ABF-9849-06180DED4415}
		{00A5A585-B90D-4FC8-8936-B9B38B29DFDD} = {52FFCFCB-4992-4E54-8CF3-5DBC687ADDB1}
		{17ED0D32-04BC-44A2-891E-5F2D3596DF31} = {52FFCFCB-4992-4E54-8CF3-5DBC687ADDB1}
		{EC4D8B95-2522-4E0B-B657-34A600070DF9} = {52FFCFCB-4992-4E54-8CF3-5DBC687ADDB1}
		{8E5786CE-7B20-424B-9F03-E5695EA4B5B0} = {52FFCFCB-4992-4E54-8CF3-5DBC687ADDB1}
		{3037AF2B-F9BB-43F1-B8A3-42261C57CA57} = {3A990A19-CE55-40A0-8A1F-B0200041D99A}
		{3B2108A9-1B3B-4D96-9654-69CDC03ABDBA} = {3A990A19-CE55-40A0-8A1F-B0200041D99A}
		{10E80031-E453-4BE3-BC9F-F5B48CC550CA} = {3A990A19-CE55-40A0-8A1F-B0200041D99A}
		{C99C9A33-69FE-41F7-9589-E7B87E4A8454} = {3A990A19-CE55-40A0-8A1F-B0200041D99A}
		{031DBA16-3E19-477D-AD81-95D131E373E6} = {A1728015-CE95-4B92-9289-C75A07E1CBB9}
	EndGlobalSection
	GlobalSection(ExtensibilityGlobals) = postSolution
		SolutionGuid = {E57085CE-9774-4593-95B6-04017FA0BBE4}
	EndGlobalSection
EndGlobal
